
Microsoft Visual Studio Solution File, Format Version 12.00
# Visual Studio Version 17
VisualStudioVersion = 17.2.32526.322
MinimumVisualStudioVersion = 10.0.40219.1
Project("{FAE04EC0-301F-11D3-BF4B-00C04F79EFBC}") = "UniqueIdentifier", "UniqueIdentifier\UniqueIdentifier.csproj", "{478296D8-A195-4D6A-99D9-D762EE4D0440}"
EndProject
Global
	GlobalSection(SolutionConfigurationPlatforms) = preSolution
		Debug|Any CPU = Debug|Any CPU
		Release|Any CPU = Release|Any CPU
	EndGlobalSection
	GlobalSection(ProjectConfigurationPlatforms) = postSolution
		{478296D8-A195-4D6A-99D9-D762EE4D0440}.Debug|Any CPU.ActiveCfg = Debug|Any CPU
		{478296D8-A195-4D6A-99D9-D762EE4D0440}.Debug|Any CPU.Build.0 = Debug|Any CPU
		{478296D8-A195-4D6A-99D9-D762EE4D0440}.Release|Any CPU.ActiveCfg = Release|Any CPU
		{478296D8-A195-4D6A-99D9-D762EE4D0440}.Release|Any CPU.Build.0 = Release|Any CPU
	EndGlobalSection
	GlobalSection(SolutionProperties) = preSolution
		HideSolutionNode = FALSE
	EndGlobalSection
	GlobalSection(ExtensibilityGlobals) = postSolution
		SolutionGuid = {F7CF258F-A676-4CBB-BD10-F7A1AF333DA8}
	EndGlobalSection
EndGlobal
