
Microsoft Visual Studio Solution File, Format Version 12.00
# Visual Studio Version 17
VisualStudioVersion = 17.2.32526.322
MinimumVisualStudioVersion = 10.0.40219.1
Project("{9A19103F-16F7-4668-BE54-9A1E7A4F7556}") = "ProductApi", "ProductApi\ProductApi.csproj", "{132281EC-D354-442C-B7B4-27A8D3CBAF76}"
EndProject
Project("{9A19103F-16F7-4668-BE54-9A1E7A4F7556}") = "OrderingApi", "OrderingApi\OrderingApi.csproj", "{F7836F36-75C9-47D6-8CCA-03E33292F998}"
EndProject
Global
	GlobalSection(SolutionConfigurationPlatforms) = preSolution
		Debug|Any CPU = Debug|Any CPU
		Release|Any CPU = Release|Any CPU
	EndGlobalSection
	GlobalSection(ProjectConfigurationPlatforms) = postSolution
		{132281EC-D354-442C-B7B4-27A8D3CBAF76}.Debug|Any CPU.ActiveCfg = Debug|Any CPU
		{132281EC-D354-442C-B7B4-27A8D3CBAF76}.Debug|Any CPU.Build.0 = Debug|Any CPU
		{132281EC-D354-442C-B7B4-27A8D3CBAF76}.Release|Any CPU.ActiveCfg = Release|Any CPU
		{132281EC-D354-442C-B7B4-27A8D3CBAF76}.Release|Any CPU.Build.0 = Release|Any CPU
		{F7836F36-75C9-47D6-8CCA-03E33292F998}.Debug|Any CPU.ActiveCfg = Debug|Any CPU
		{F7836F36-75C9-47D6-8CCA-03E33292F998}.Debug|Any CPU.Build.0 = Debug|Any CPU
		{F7836F36-75C9-47D6-8CCA-03E33292F998}.Release|Any CPU.ActiveCfg = Release|Any CPU
		{F7836F36-75C9-47D6-8CCA-03E33292F998}.Release|Any CPU.Build.0 = Release|Any CPU
	EndGlobalSection
	GlobalSection(SolutionProperties) = preSolution
		HideSolutionNode = FALSE
	EndGlobalSection
	GlobalSection(ExtensibilityGlobals) = postSolution
		SolutionGuid = {84397486-C8EF-46BF-8A01-E00722741277}
	EndGlobalSection
EndGlobal
